// !$*UTF8*$!
{
	archiveVersion = 1;
	classes = {
	};
	objectVersion = 50;
	objects = {

/* Begin PBXBuildFile section */
		7AF87D8722A25750002661B7 /* AppDelegate.swift in Sources */ = {isa = PBXBuildFile; fileRef = 7AF87D8622A25750002661B7 /* AppDelegate.swift */; };
		7AF87D8922A25750002661B7 /* ViewController.swift in Sources */ = {isa = PBXBuildFile; fileRef = 7AF87D8822A25750002661B7 /* ViewController.swift */; };
		7AF87D8C22A25750002661B7 /* Main.storyboard in Resources */ = {isa = PBXBuildFile; fileRef = 7AF87D8A22A25750002661B7 /* Main.storyboard */; };
		7AF87D8E22A25764002661B7 /* Assets.xcassets in Resources */ = {isa = PBXBuildFile; fileRef = 7AF87D8D22A25764002661B7 /* Assets.xcassets */; };
		7AF87D9122A25764002661B7 /* LaunchScreen.storyboard in Resources */ = {isa = PBXBuildFile; fileRef = 7AF87D8F22A25764002661B7 /* LaunchScreen.storyboard */; };
		7AF87D9C22A25764002661B7 /* DevopsTrainingTests.swift in Sources */ = {isa = PBXBuildFile; fileRef = 7AF87D9B22A25764002661B7 /* DevopsTrainingTests.swift */; };
		7AF87DA722A25765002661B7 /* DevopsTrainingUITests.swift in Sources */ = {isa = PBXBuildFile; fileRef = 7AF87DA622A25765002661B7 /* DevopsTrainingUITests.swift */; };
/* End PBXBuildFile section */

/* Begin PBXContainerItemProxy section */
		7AF87D9822A25764002661B7 /* PBXContainerItemProxy */ = {
			isa = PBXContainerItemProxy;
			containerPortal = 7AF87D7B22A25750002661B7 /* Project object */;
			proxyType = 1;
			remoteGlobalIDString = 7AF87D8222A25750002661B7;
			remoteInfo = DevopsTraining;
		};
		7AF87DA322A25764002661B7 /* PBXContainerItemProxy */ = {
			isa = PBXContainerItemProxy;
			containerPortal = 7AF87D7B22A25750002661B7 /* Project object */;
			proxyType = 1;
			remoteGlobalIDString = 7AF87D8222A25750002661B7;
			remoteInfo = DevopsTraining;
		};
/* End PBXContainerItemProxy section */

/* Begin PBXFileReference section */
		7AF87D8322A25750002661B7 /* DevopsTraining.app */ = {isa = PBXFileReference; explicitFileType = wrapper.application; includeInIndex = 0; path = DevopsTraining.app; sourceTree = BUILT_PRODUCTS_DIR; };
		7AF87D8622A25750002661B7 /* AppDelegate.swift */ = {isa = PBXFileReference; lastKnownFileType = sourcecode.swift; path = AppDelegate.swift; sourceTree = "<group>"; };
		7AF87D8822A25750002661B7 /* ViewController.swift */ = {isa = PBXFileReference; lastKnownFileType = sourcecode.swift; path = ViewController.swift; sourceTree = "<group>"; };
		7AF87D8B22A25750002661B7 /* Base */ = {isa = PBXFileReference; lastKnownFileType = file.storyboard; name = Base; path = Base.lproj/Main.storyboard; sourceTree = "<group>"; };
		7AF87D8D22A25764002661B7 /* Assets.xcassets */ = {isa = PBXFileReference; lastKnownFileType = folder.assetcatalog; path = Assets.xcassets; sourceTree = "<group>"; };
		7AF87D9022A25764002661B7 /* Base */ = {isa = PBXFileReference; lastKnownFileType = file.storyboard; name = Base; path = Base.lproj/LaunchScreen.storyboard; sourceTree = "<group>"; };
		7AF87D9222A25764002661B7 /* Info.plist */ = {isa = PBXFileReference; lastKnownFileType = text.plist.xml; path = Info.plist; sourceTree = "<group>"; };
		7AF87D9722A25764002661B7 /* DevopsTrainingTests.xctest */ = {isa = PBXFileReference; explicitFileType = wrapper.cfbundle; includeInIndex = 0; path = DevopsTrainingTests.xctest; sourceTree = BUILT_PRODUCTS_DIR; };
		7AF87D9B22A25764002661B7 /* DevopsTrainingTests.swift */ = {isa = PBXFileReference; lastKnownFileType = sourcecode.swift; path = DevopsTrainingTests.swift; sourceTree = "<group>"; };
		7AF87D9D22A25764002661B7 /* Info.plist */ = {isa = PBXFileReference; lastKnownFileType = text.plist.xml; path = Info.plist; sourceTree = "<group>"; };
		7AF87DA222A25764002661B7 /* DevopsTrainingUITests.xctest */ = {isa = PBXFileReference; explicitFileType = wrapper.cfbundle; includeInIndex = 0; path = DevopsTrainingUITests.xctest; sourceTree = BUILT_PRODUCTS_DIR; };
		7AF87DA622A25765002661B7 /* DevopsTrainingUITests.swift */ = {isa = PBXFileReference; lastKnownFileType = sourcecode.swift; path = DevopsTrainingUITests.swift; sourceTree = "<group>"; };
		7AF87DA822A25765002661B7 /* Info.plist */ = {isa = PBXFileReference; lastKnownFileType = text.plist.xml; path = Info.plist; sourceTree = "<group>"; };
/* End PBXFileReference section */

/* Begin PBXFrameworksBuildPhase section */
		7AF87D8022A25750002661B7 /* Frameworks */ = {
			isa = PBXFrameworksBuildPhase;
			buildActionMask = 2147483647;
			files = (
			);
			runOnlyForDeploymentPostprocessing = 0;
		};
		7AF87D9422A25764002661B7 /* Frameworks */ = {
			isa = PBXFrameworksBuildPhase;
			buildActionMask = 2147483647;
			files = (
			);
			runOnlyForDeploymentPostprocessing = 0;
		};
		7AF87D9F22A25764002661B7 /* Frameworks */ = {
			isa = PBXFrameworksBuildPhase;
			buildActionMask = 2147483647;
			files = (
			);
			runOnlyForDeploymentPostprocessing = 0;
		};
/* End PBXFrameworksBuildPhase section */

/* Begin PBXGroup section */
		7AF87D7A22A25750002661B7 = {
			isa = PBXGroup;
			children = (
				7AF87D8522A25750002661B7 /* DevopsTraining */,
				7AF87D9A22A25764002661B7 /* DevopsTrainingTests */,
				7AF87DA522A25764002661B7 /* DevopsTrainingUITests */,
				7AF87D8422A25750002661B7 /* Products */,
			);
			sourceTree = "<group>";
		};
		7AF87D8422A25750002661B7 /* Products */ = {
			isa = PBXGroup;
			children = (
				7AF87D8322A25750002661B7 /* DevopsTraining.app */,
				7AF87D9722A25764002661B7 /* DevopsTrainingTests.xctest */,
				7AF87DA222A25764002661B7 /* DevopsTrainingUITests.xctest */,
			);
			name = Products;
			sourceTree = "<group>";
		};
		7AF87D8522A25750002661B7 /* DevopsTraining */ = {
			isa = PBXGroup;
			children = (
				7AF87D8622A25750002661B7 /* AppDelegate.swift */,
				7AF87D8822A25750002661B7 /* ViewController.swift */,
				7AF87D8A22A25750002661B7 /* Main.storyboard */,
				7AF87D8D22A25764002661B7 /* Assets.xcassets */,
				7AF87D8F22A25764002661B7 /* LaunchScreen.storyboard */,
				7AF87D9222A25764002661B7 /* Info.plist */,
			);
			path = DevopsTraining;
			sourceTree = "<group>";
		};
		7AF87D9A22A25764002661B7 /* DevopsTrainingTests */ = {
			isa = PBXGroup;
			children = (
				7AF87D9B22A25764002661B7 /* DevopsTrainingTests.swift */,
				7AF87D9D22A25764002661B7 /* Info.plist */,
			);
			path = DevopsTrainingTests;
			sourceTree = "<group>";
		};
		7AF87DA522A25764002661B7 /* DevopsTrainingUITests */ = {
			isa = PBXGroup;
			children = (
				7AF87DA622A25765002661B7 /* DevopsTrainingUITests.swift */,
				7AF87DA822A25765002661B7 /* Info.plist */,
			);
			path = DevopsTrainingUITests;
			sourceTree = "<group>";
		};
/* End PBXGroup section */

/* Begin PBXNativeTarget section */
		7AF87D8222A25750002661B7 /* DevopsTraining */ = {
			isa = PBXNativeTarget;
			buildConfigurationList = 7AF87DAB22A25765002661B7 /* Build configuration list for PBXNativeTarget "DevopsTraining" */;
			buildPhases = (
				7AF87D7F22A25750002661B7 /* Sources */,
				7AF87D8022A25750002661B7 /* Frameworks */,
				7AF87D8122A25750002661B7 /* Resources */,
			);
			buildRules = (
			);
			dependencies = (
			);
			name = DevopsTraining;
			productName = DevopsTraining;
			productReference = 7AF87D8322A25750002661B7 /* DevopsTraining.app */;
			productType = "com.apple.product-type.application";
		};
		7AF87D9622A25764002661B7 /* DevopsTrainingTests */ = {
			isa = PBXNativeTarget;
			buildConfigurationList = 7AF87DAE22A25765002661B7 /* Build configuration list for PBXNativeTarget "DevopsTrainingTests" */;
			buildPhases = (
				7AF87D9322A25764002661B7 /* Sources */,
				7AF87D9422A25764002661B7 /* Frameworks */,
				7AF87D9522A25764002661B7 /* Resources */,
			);
			buildRules = (
			);
			dependencies = (
				7AF87D9922A25764002661B7 /* PBXTargetDependency */,
			);
			name = DevopsTrainingTests;
			productName = DevopsTrainingTests;
			productReference = 7AF87D9722A25764002661B7 /* DevopsTrainingTests.xctest */;
			productType = "com.apple.product-type.bundle.unit-test";
		};
		7AF87DA122A25764002661B7 /* DevopsTrainingUITests */ = {
			isa = PBXNativeTarget;
			buildConfigurationList = 7AF87DB122A25765002661B7 /* Build configuration list for PBXNativeTarget "DevopsTrainingUITests" */;
			buildPhases = (
				7AF87D9E22A25764002661B7 /* Sources */,
				7AF87D9F22A25764002661B7 /* Frameworks */,
				7AF87DA022A25764002661B7 /* Resources */,
			);
			buildRules = (
			);
			dependencies = (
				7AF87DA422A25764002661B7 /* PBXTargetDependency */,
			);
			name = DevopsTrainingUITests;
			productName = DevopsTrainingUITests;
			productReference = 7AF87DA222A25764002661B7 /* DevopsTrainingUITests.xctest */;
			productType = "com.apple.product-type.bundle.ui-testing";
		};
/* End PBXNativeTarget section */

/* Begin PBXProject section */
		7AF87D7B22A25750002661B7 /* Project object */ = {
			isa = PBXProject;
			attributes = {
				LastSwiftUpdateCheck = 1010;
				LastUpgradeCheck = 1010;
				ORGANIZATIONNAME = "Winjit Technologies";
				TargetAttributes = {
					7AF87D8222A25750002661B7 = {
						CreatedOnToolsVersion = 10.1;
					};
					7AF87D9622A25764002661B7 = {
						CreatedOnToolsVersion = 10.1;
						TestTargetID = 7AF87D8222A25750002661B7;
					};
					7AF87DA122A25764002661B7 = {
						CreatedOnToolsVersion = 10.1;
						TestTargetID = 7AF87D8222A25750002661B7;
					};
				};
			};
			buildConfigurationList = 7AF87D7E22A25750002661B7 /* Build configuration list for PBXProject "DevopsTraining" */;
			compatibilityVersion = "Xcode 9.3";
			developmentRegion = en;
			hasScannedForEncodings = 0;
			knownRegions = (
				en,
				Base,
			);
			mainGroup = 7AF87D7A22A25750002661B7;
			productRefGroup = 7AF87D8422A25750002661B7 /* Products */;
			projectDirPath = "";
			projectRoot = "";
			targets = (
				7AF87D8222A25750002661B7 /* DevopsTraining */,
				7AF87D9622A25764002661B7 /* DevopsTrainingTests */,
				7AF87DA122A25764002661B7 /* DevopsTrainingUITests */,
			);
		};
/* End PBXProject section */

/* Begin PBXResourcesBuildPhase section */
		7AF87D8122A25750002661B7 /* Resources */ = {
			isa = PBXResourcesBuildPhase;
			buildActionMask = 2147483647;
			files = (
				7AF87D9122A25764002661B7 /* LaunchScreen.storyboard in Resources */,
				7AF87D8E22A25764002661B7 /* Assets.xcassets in Resources */,
				7AF87D8C22A25750002661B7 /* Main.storyboard in Resources */,
			);
			runOnlyForDeploymentPostprocessing = 0;
		};
		7AF87D9522A25764002661B7 /* Resources */ = {
			isa = PBXResourcesBuildPhase;
			buildActionMask = 2147483647;
			files = (
			);
			runOnlyForDeploymentPostprocessing = 0;
		};
		7AF87DA022A25764002661B7 /* Resources */ = {
			isa = PBXResourcesBuildPhase;
			buildActionMask = 2147483647;
			files = (
			);
			runOnlyForDeploymentPostprocessing = 0;
		};
/* End PBXResourcesBuildPhase section */

/* Begin PBXSourcesBuildPhase section */
		7AF87D7F22A25750002661B7 /* Sources */ = {
			isa = PBXSourcesBuildPhase;
			buildActionMask = 2147483647;
			files = (
				7AF87D8922A25750002661B7 /* ViewController.swift in Sources */,
				7AF87D8722A25750002661B7 /* AppDelegate.swift in Sources */,
			);
			runOnlyForDeploymentPostprocessing = 0;
		};
		7AF87D9322A25764002661B7 /* Sources */ = {
			isa = PBXSourcesBuildPhase;
			buildActionMask = 2147483647;
			files = (
				7AF87D9C22A25764002661B7 /* DevopsTrainingTests.swift in Sources */,
			);
			runOnlyForDeploymentPostprocessing = 0;
		};
		7AF87D9E22A25764002661B7 /* Sources */ = {
			isa = PBXSourcesBuildPhase;
			buildActionMask = 2147483647;
			files = (
				7AF87DA722A25765002661B7 /* DevopsTrainingUITests.swift in Sources */,
			);
			runOnlyForDeploymentPostprocessing = 0;
		};
/* End PBXSourcesBuildPhase section */

/* Begin PBXTargetDependency section */
		7AF87D9922A25764002661B7 /* PBXTargetDependency */ = {
			isa = PBXTargetDependency;
			target = 7AF87D8222A25750002661B7 /* DevopsTraining */;
			targetProxy = 7AF87D9822A25764002661B7 /* PBXContainerItemProxy */;
		};
		7AF87DA422A25764002661B7 /* PBXTargetDependency */ = {
			isa = PBXTargetDependency;
			target = 7AF87D8222A25750002661B7 /* DevopsTraining */;
			targetProxy = 7AF87DA322A25764002661B7 /* PBXContainerItemProxy */;
		};
/* End PBXTargetDependency section */

/* Begin PBXVariantGroup section */
		7AF87D8A22A25750002661B7 /* Main.storyboard */ = {
			isa = PBXVariantGroup;
			children = (
				7AF87D8B22A25750002661B7 /* Base */,
			);
			name = Main.storyboard;
			sourceTree = "<group>";
		};
		7AF87D8F22A25764002661B7 /* LaunchScreen.storyboard */ = {
			isa = PBXVariantGroup;
			children = (
				7AF87D9022A25764002661B7 /* Base */,
			);
			name = LaunchScreen.storyboard;
			sourceTree = "<group>";
		};
/* End PBXVariantGroup section */

/* Begin XCBuildConfiguration section */
		7AF87DA922A25765002661B7 /* Debug */ = {
			isa = XCBuildConfiguration;
			buildSettings = {
				ALWAYS_SEARCH_USER_PATHS = NO;
				CLANG_ANALYZER_NONNULL = YES;
				CLANG_ANALYZER_NUMBER_OBJECT_CONVERSION = YES_AGGRESSIVE;
				CLANG_CXX_LANGUAGE_STANDARD = "gnu++14";
				CLANG_CXX_LIBRARY = "libc++";
				CLANG_ENABLE_MODULES = YES;
				CLANG_ENABLE_OBJC_ARC = YES;
				CLANG_ENABLE_OBJC_WEAK = YES;
				CLANG_WARN_BLOCK_CAPTURE_AUTORELEASING = YES;
				CLANG_WARN_BOOL_CONVERSION = YES;
				CLANG_WARN_COMMA = YES;
				CLANG_WARN_CONSTANT_CONVERSION = YES;
				CLANG_WARN_DEPRECATED_OBJC_IMPLEMENTATIONS = YES;
				CLANG_WARN_DIRECT_OBJC_ISA_USAGE = YES_ERROR;
				CLANG_WARN_DOCUMENTATION_COMMENTS = YES;
				CLANG_WARN_EMPTY_BODY = YES;
				CLANG_WARN_ENUM_CONVERSION = YES;
				CLANG_WARN_INFINITE_RECURSION = YES;
				CLANG_WARN_INT_CONVERSION = YES;
				CLANG_WARN_NON_LITERAL_NULL_CONVERSION = YES;
				CLANG_WARN_OBJC_IMPLICIT_RETAIN_SELF = YES;
				CLANG_WARN_OBJC_LITERAL_CONVERSION = YES;
				CLANG_WARN_OBJC_ROOT_CLASS = YES_ERROR;
				CLANG_WARN_RANGE_LOOP_ANALYSIS = YES;
				CLANG_WARN_STRICT_PROTOTYPES = YES;
				CLANG_WARN_SUSPICIOUS_MOVE = YES;
				CLANG_WARN_UNGUARDED_AVAILABILITY = YES_AGGRESSIVE;
				CLANG_WARN_UNREACHABLE_CODE = YES;
				CLANG_WARN__DUPLICATE_METHOD_MATCH = YES;
				CODE_SIGN_IDENTITY = "iPhone Developer";
				COPY_PHASE_STRIP = NO;
				DEBUG_INFORMATION_FORMAT = dwarf;
				ENABLE_STRICT_OBJC_MSGSEND = YES;
				ENABLE_TESTABILITY = YES;
				GCC_C_LANGUAGE_STANDARD = gnu11;
				GCC_DYNAMIC_NO_PIC = NO;
				GCC_NO_COMMON_BLOCKS = YES;
				GCC_OPTIMIZATION_LEVEL = 0;
				GCC_PREPROCESSOR_DEFINITIONS = (
					"DEBUG=1",
					"$(inherited)",
				);
				GCC_WARN_64_TO_32_BIT_CONVERSION = YES;
				GCC_WARN_ABOUT_RETURN_TYPE = YES_ERROR;
				GCC_WARN_UNDECLARED_SELECTOR = YES;
				GCC_WARN_UNINITIALIZED_AUTOS = YES_AGGRESSIVE;
				GCC_WARN_UNUSED_FUNCTION = YES;
				GCC_WARN_UNUSED_VARIABLE = YES;
				IPHONEOS_DEPLOYMENT_TARGET = 12.1;
				MTL_ENABLE_DEBUG_INFO = INCLUDE_SOURCE;
				MTL_FAST_MATH = YES;
				ONLY_ACTIVE_ARCH = YES;
				SDKROOT = iphoneos;
				SWIFT_ACTIVE_COMPILATION_CONDITIONS = DEBUG;
				SWIFT_OPTIMIZATION_LEVEL = "-Onone";
			};
			name = Debug;
		};
		7AF87DAA22A25765002661B7 /* Release */ = {
			isa = XCBuildConfiguration;
			buildSettings = {
				ALWAYS_SEARCH_USER_PATHS = NO;
				CLANG_ANALYZER_NONNULL = YES;
				CLANG_ANALYZER_NUMBER_OBJECT_CONVERSION = YES_AGGRESSIVE;
				CLANG_CXX_LANGUAGE_STANDARD = "gnu++14";
				CLANG_CXX_LIBRARY = "libc++";
				CLANG_ENABLE_MODULES = YES;
				CLANG_ENABLE_OBJC_ARC = YES;
				CLANG_ENABLE_OBJC_WEAK = YES;
				CLANG_WARN_BLOCK_CAPTURE_AUTORELEASING = YES;
				CLANG_WARN_BOOL_CONVERSION = YES;
				CLANG_WARN_COMMA = YES;
				CLANG_WARN_CONSTANT_CONVERSION = YES;
				CLANG_WARN_DEPRECATED_OBJC_IMPLEMENTATIONS = YES;
				CLANG_WARN_DIRECT_OBJC_ISA_USAGE = YES_ERROR;
				CLANG_WARN_DOCUMENTATION_COMMENTS = YES;
				CLANG_WARN_EMPTY_BODY = YES;
				CLANG_WARN_ENUM_CONVERSION = YES;
				CLANG_WARN_INFINITE_RECURSION = YES;
				CLANG_WARN_INT_CONVERSION = YES;
				CLANG_WARN_NON_LITERAL_NULL_CONVERSION = YES;
				CLANG_WARN_OBJC_IMPLICIT_RETAIN_SELF = YES;
				CLANG_WARN_OBJC_LITERAL_CONVERSION = YES;
				CLANG_WARN_OBJC_ROOT_CLASS = YES_ERROR;
				CLANG_WARN_RANGE_LOOP_ANALYSIS = YES;
				CLANG_WARN_STRICT_PROTOTYPES = YES;
				CLANG_WARN_SUSPICIOUS_MOVE = YES;
				CLANG_WARN_UNGUARDED_AVAILABILITY = YES_AGGRESSIVE;
				CLANG_WARN_UNREACHABLE_CODE = YES;
				CLANG_WARN__DUPLICATE_METHOD_MATCH = YES;
				CODE_SIGN_IDENTITY = "iPhone Developer";
				COPY_PHASE_STRIP = NO;
				DEBUG_INFORMATION_FORMAT = "dwarf-with-dsym";
				ENABLE_NS_ASSERTIONS = NO;
				ENABLE_STRICT_OBJC_MSGSEND = YES;
				GCC_C_LANGUAGE_STANDARD = gnu11;
				GCC_NO_COMMON_BLOCKS = YES;
				GCC_WARN_64_TO_32_BIT_CONVERSION = YES;
				GCC_WARN_ABOUT_RETURN_TYPE = YES_ERROR;
				GCC_WARN_UNDECLARED_SELECTOR = YES;
				GCC_WARN_UNINITIALIZED_AUTOS = YES_AGGRESSIVE;
				GCC_WARN_UNUSED_FUNCTION = YES;
				GCC_WARN_UNUSED_VARIABLE = YES;
				IPHONEOS_DEPLOYMENT_TARGET = 12.1;
				MTL_ENABLE_DEBUG_INFO = NO;
				MTL_FAST_MATH = YES;
				SDKROOT = iphoneos;
				SWIFT_COMPILATION_MODE = wholemodule;
				SWIFT_OPTIMIZATION_LEVEL = "-O";
				VALIDATE_PRODUCT = YES;
			};
			name = Release;
		};
		7AF87DAC22A25765002661B7 /* Debug */ = {
			isa = XCBuildConfiguration;
			buildSettings = {
				ASSETCATALOG_COMPILER_APPICON_NAME = AppIcon;
				CODE_SIGN_STYLE = Manual;
				DEVELOPMENT_TEAM = 6DS2GXGJY7;
				INFOPLIST_FILE = DevopsTraining/Info.plist;
				LD_RUNPATH_SEARCH_PATHS = (
					"$(inherited)",
					"@executable_path/Frameworks",
				);
				PRODUCT_BUNDLE_IDENTIFIER = com.winjit.DevopsTraining;
				PRODUCT_NAME = "$(TARGET_NAME)";
				PROVISIONING_PROFILE_SPECIFIER = "Wj Wildcard";
				SWIFT_VERSION = 4.2;
				TARGETED_DEVICE_FAMILY = "1,2";
			};
			name = Debug;
		};
		7AF87DAD22A25765002661B7 /* Release */ = {
			isa = XCBuildConfiguration;
			buildSettings = {
				ASSETCATALOG_COMPILER_APPICON_NAME = AppIcon;
				CODE_SIGN_STYLE = Manual;
				DEVELOPMENT_TEAM = 6DS2GXGJY7;
				INFOPLIST_FILE = DevopsTraining/Info.plist;
				LD_RUNPATH_SEARCH_PATHS = (
					"$(inherited)",
					"@executable_path/Frameworks",
				);
				PRODUCT_BUNDLE_IDENTIFIER = com.winjit.DevopsTraining;
				PRODUCT_NAME = "$(TARGET_NAME)";
				PROVISIONING_PROFILE_SPECIFIER = "Wj Wildcard";
				SWIFT_VERSION = 4.2;
				TARGETED_DEVICE_FAMILY = "1,2";
			};
			name = Release;
		};
		7AF87DAF22A25765002661B7 /* Debug */ = {
			isa = XCBuildConfiguration;
			buildSettings = {
				ALWAYS_EMBED_SWIFT_STANDARD_LIBRARIES = YES;
				BUNDLE_LOADER = "$(TEST_HOST)";
				CODE_SIGN_STYLE = Automatic;
				DEVELOPMENT_TEAM = 9SSYE6QZSP;
				INFOPLIST_FILE = DevopsTrainingTests/Info.plist;
				LD_RUNPATH_SEARCH_PATHS = (
					"$(inherited)",
					"@executable_path/Frameworks",
					"@loader_path/Frameworks",
				);
				PRODUCT_BUNDLE_IDENTIFIER = com.winjit.DevopsTrainingTests;
				PRODUCT_NAME = "$(TARGET_NAME)";
				SWIFT_VERSION = 4.2;
				TARGETED_DEVICE_FAMILY = "1,2";
				TEST_HOST = "$(BUILT_PRODUCTS_DIR)/DevopsTraining.app/DevopsTraining";
			};
			name = Debug;
		};
		7AF87DB022A25765002661B7 /* Release */ = {
			isa = XCBuildConfiguration;
			buildSettings = {
				ALWAYS_EMBED_SWIFT_STANDARD_LIBRARIES = YES;
				BUNDLE_LOADER = "$(TEST_HOST)";
				CODE_SIGN_STYLE = Automatic;
				DEVELOPMENT_TEAM = 9SSYE6QZSP;
				INFOPLIST_FILE = DevopsTrainingTests/Info.plist;
				LD_RUNPATH_SEARCH_PATHS = (
					"$(inherited)",
					"@executable_path/Frameworks",
					"@loader_path/Frameworks",
				);
				PRODUCT_BUNDLE_IDENTIFIER = com.winjit.DevopsTrainingTests;
				PRODUCT_NAME = "$(TARGET_NAME)";
				SWIFT_VERSION = 4.2;
				TARGETED_DEVICE_FAMILY = "1,2";
				TEST_HOST = "$(BUILT_PRODUCTS_DIR)/DevopsTraining.app/DevopsTraining";
			};
			name = Release;
		};
		7AF87DB222A25765002661B7 /* Debug */ = {
			isa = XCBuildConfiguration;
			buildSettings = {
				ALWAYS_EMBED_SWIFT_STANDARD_LIBRARIES = YES;
				CODE_SIGN_STYLE = Automatic;
				DEVELOPMENT_TEAM = 9SSYE6QZSP;
				INFOPLIST_FILE = DevopsTrainingUITests/Info.plist;
				LD_RUNPATH_SEARCH_PATHS = (
					"$(inherited)",
					"@executable_path/Frameworks",
					"@loader_path/Frameworks",
				);
				PRODUCT_BUNDLE_IDENTIFIER = com.winjit.DevopsTrainingUITests;
				PRODUCT_NAME = "$(TARGET_NAME)";
				SWIFT_VERSION = 4.2;
				TARGETED_DEVICE_FAMILY = "1,2";
				TEST_TARGET_NAME = DevopsTraining;
			};
			name = Debug;
		};
		7AF87DB322A25765002661B7 /* Release */ = {
			isa = XCBuildConfiguration;
			buildSettings = {
				ALWAYS_EMBED_SWIFT_STANDARD_LIBRARIES = YES;
				CODE_SIGN_STYLE = Automatic;
				DEVELOPMENT_TEAM = 9SSYE6QZSP;
				INFOPLIST_FILE = DevopsTrainingUITests/Info.plist;
				LD_RUNPATH_SEARCH_PATHS = (
					"$(inherited)",
					"@executable_path/Frameworks",
					"@loader_path/Frameworks",
				);
				PRODUCT_BUNDLE_IDENTIFIER = com.winjit.DevopsTrainingUITests;
				PRODUCT_NAME = "$(TARGET_NAME)";
				SWIFT_VERSION = 4.2;
				TARGETED_DEVICE_FAMILY = "1,2";
				TEST_TARGET_NAME = DevopsTraining;
			};
			name = Release;
		};
/* End XCBuildConfiguration section */

/* Begin XCConfigurationList section */
		7AF87D7E22A25750002661B7 /* Build configuration list for PBXProject "DevopsTraining" */ = {
			isa = XCConfigurationList;
			buildConfigurations = (
				7AF87DA922A25765002661B7 /* Debug */,
				7AF87DAA22A25765002661B7 /* Release */,
			);
			defaultConfigurationIsVisible = 0;
			defaultConfigurationName = Release;
		};
		7AF87DAB22A25765002661B7 /* Build configuration list for PBXNativeTarget "DevopsTraining" */ = {
			isa = XCConfigurationList;
			buildConfigurations = (
				7AF87DAC22A25765002661B7 /* Debug */,
				7AF87DAD22A25765002661B7 /* Release */,
			);
			defaultConfigurationIsVisible = 0;
			defaultConfigurationName = Release;
		};
		7AF87DAE22A25765002661B7 /* Build configuration list for PBXNativeTarget "DevopsTrainingTests" */ = {
			isa = XCConfigurationList;
			buildConfigurations = (
				7AF87DAF22A25765002661B7 /* Debug */,
				7AF87DB022A25765002661B7 /* Release */,
			);
			defaultConfigurationIsVisible = 0;
			defaultConfigurationName = Release;
		};
		7AF87DB122A25765002661B7 /* Build configuration list for PBXNativeTarget "DevopsTrainingUITests" */ = {
			isa = XCConfigurationList;
			buildConfigurations = (
				7AF87DB222A25765002661B7 /* Debug */,
				7AF87DB322A25765002661B7 /* Release */,
			);
			defaultConfigurationIsVisible = 0;
			defaultConfigurationName = Release;
		};
/* End XCConfigurationList section */
	};
	rootObject = 7AF87D7B22A25750002661B7 /* Project object */;
}
